{"format_version":"1.2","terraform_version":"1.6.1","planned_values":{"root_module":{"resources":[{"address":"aws_apigatewayv2_api.sample","mode":"managed","type":"aws_apigatewayv2_api","name":"sample","provider_name":"registry.terraform.io/hashicorp/aws","schema_version":0,"values":{"api_key_selection_expression":"$request.header.x-api-key","body":null,"cors_configuration":[],"credentials_arn":null,"description":null,"disable_execute_api_endpoint":null,"fail_on_warnings":null,"name":"SampleAPI","protocol_type":"HTTP","route_key":null,"route_selection_expression":"$request.method $request.path","tags":null,"target":null,"version":null},"sensitive_values":{"cors_configuration":[],"tags_all":{}}},{"address":"aws_apigatewayv2_integration.sample_routes","mode":"managed","type":"aws_apigatewayv2_integration","name":"sample_routes","provider_name":"registry.terraform.io/hashicorp/aws","schema_version":0,"values":{"connection_id":null,"connection_type":"INTERNET","content_handling_strategy":null,"credentials_arn":null,"description":null,"integration_method":null,"integration_subtype":null,"integration_type":"AWS_PROXY","integration_uri":"test_arn","passthrough_behavior":null,"payload_format_version":"2.0","request_parameters":null,"request_templates":null,"response_parameters":[],"template_selection_expression":null,"tls_config":[]},"sensitive_values":{"response_parameters":[],"tls_config":[]}},{"address":"aws_apigatewayv2_route.sample_route","mode":"managed","type":"aws_apigatewayv2_route","name":"sample_route","provider_name":"registry.terraform.io/hashicorp/aws","schema_version":0,"values":{"api_key_required":false,"authorization_scopes":null,"authorization_type":"NONE","authorizer_id":null,"model_selection_expression":null,"operation_name":null,"request_models":null,"request_parameter":[],"route_key":"GET /sample-path","route_response_selection_expression":null},"sensitive_values":{"request_parameter":[]}},{"address":"aws_apigatewayv2_stage.default","mode":"managed","type":"aws_apigatewayv2_stage","name":"default","provider_name":"registry.terraform.io/hashicorp/aws","schema_version":0,"values":{"access_log_settings":[{"format":"{\"httpMethod\":\"$context.httpMethod\",\"ip\":\"$context.identity.sourceIp\",\"protocol\":\"$context.protocol\",\"requestId\":\"$context.requestId\",\"requestTime\":\"$context.requestTime\",\"responseLength\":\"$context.responseLength\",\"routeKey\":\"$context.routeKey\",\"status\":\"$context.status\"}"}],"auto_deploy":true,"client_certificate_id":null,"default_route_settings":[],"description":null,"name":"$default","route_settings":[],"stage_variables":null,"tags":null},"sensitive_values":{"access_log_settings":[{}],"default_route_settings":[],"route_settings":[],"tags_all":{}}},{"address":"aws_cloudwatch_log_group.api_gateway_sample","mode":"managed","type":"aws_cloudwatch_log_group","name":"api_gateway_sample","provider_name":"registry.terraform.io/hashicorp/aws","schema_version":0,"values":{"kms_key_id":null,"name":"/aws/apigateway/SampleAPI","retention_in_days":7,"skip_destroy":false,"tags":null},"sensitive_values":{"tags_all":{}}}]}},"resource_changes":[{"address":"aws_apigatewayv2_api.sample","mode":"managed","type":"aws_apigatewayv2_api","name":"sample","provider_name":"registry.terraform.io/hashicorp/aws","change":{"actions":["create"],"before":null,"after":{"api_key_selection_expression":"$request.header.x-api-key","body":null,"cors_configuration":[],"credentials_arn":null,"description":null,"disable_execute_api_endpoint":null,"fail_on_warnings":null,"name":"SampleAPI","protocol_type":"HTTP","route_key":null,"route_selection_expression":"$request.method $request.path","tags":null,"target":null,"version":null},"after_unknown":{"api_endpoint":true,"arn":true,"cors_configuration":[],"execution_arn":true,"id":true,"tags_all":true},"before_sensitive":false,"after_sensitive":{"cors_configuration":[],"tags_all":{}}}},{"address":"aws_apigatewayv2_integration.sample_routes","mode":"managed","type":"aws_apigatewayv2_integration","name":"sample_routes","provider_name":"registry.terraform.io/hashicorp/aws","change":{"actions":["create"],"before":null,"after":{"connection_id":null,"connection_type":"INTERNET","content_handling_strategy":null,"credentials_arn":null,"description":null,"integration_method":null,"integration_subtype":null,"integration_type":"AWS_PROXY","integration_uri":"test_arn","passthrough_behavior":null,"payload_format_version":"2.0","request_parameters":null,"request_templates":null,"response_parameters":[],"template_selection_expression":null,"tls_config":[]},"after_unknown":{"api_id":true,"id":true,"integration_response_selection_expression":true,"response_parameters":[],"timeout_milliseconds":true,"tls_config":[]},"before_sensitive":false,"after_sensitive":{"response_parameters":[],"tls_config":[]}}},{"address":"aws_apigatewayv2_route.sample_route","mode":"managed","type":"aws_apigatewayv2_route","name":"sample_route","provider_name":"registry.terraform.io/hashicorp/aws","change":{"actions":["create"],"before":null,"after":{"api_key_required":false,"authorization_scopes":null,"authorization_type":"NONE","authorizer_id":null,"model_selection_expression":null,"operation_name":null,"request_models":null,"request_parameter":[],"route_key":"GET /sample-path","route_response_selection_expression":null},"after_unknown":{"api_id":true,"id":true,"request_parameter":[],"target":true},"before_sensitive":false,"after_sensitive":{"request_parameter":[]}}},{"address":"aws_apigatewayv2_stage.default","mode":"managed","type":"aws_apigatewayv2_stage","name":"default","provider_name":"registry.terraform.io/hashicorp/aws","change":{"actions":["create"],"before":null,"after":{"access_log_settings":[{"format":"{\"httpMethod\":\"$context.httpMethod\",\"ip\":\"$context.identity.sourceIp\",\"protocol\":\"$context.protocol\",\"requestId\":\"$context.requestId\",\"requestTime\":\"$context.requestTime\",\"responseLength\":\"$context.responseLength\",\"routeKey\":\"$context.routeKey\",\"status\":\"$context.status\"}"}],"auto_deploy":true,"client_certificate_id":null,"default_route_settings":[],"description":null,"name":"$default","route_settings":[],"stage_variables":null,"tags":null},"after_unknown":{"access_log_settings":[{"destination_arn":true}],"api_id":true,"arn":true,"default_route_settings":[],"deployment_id":true,"execution_arn":true,"id":true,"invoke_url":true,"route_settings":[],"tags_all":true},"before_sensitive":false,"after_sensitive":{"access_log_settings":[{}],"default_route_settings":[],"route_settings":[],"tags_all":{}}}},{"address":"aws_cloudwatch_log_group.api_gateway_sample","mode":"managed","type":"aws_cloudwatch_log_group","name":"api_gateway_sample","provider_name":"registry.terraform.io/hashicorp/aws","change":{"actions":["create"],"before":null,"after":{"kms_key_id":null,"name":"/aws/apigateway/SampleAPI","retention_in_days":7,"skip_destroy":false,"tags":null},"after_unknown":{"arn":true,"id":true,"name_prefix":true,"tags_all":true},"before_sensitive":false,"after_sensitive":{"tags_all":{}}}}],"configuration":{"provider_config":{"aws":{"name":"aws","full_name":"registry.terraform.io/hashicorp/aws","expressions":{"region":{"constant_value":"ap-southeast-1"}}}},"root_module":{"resources":[{"address":"aws_apigatewayv2_api.sample","mode":"managed","type":"aws_apigatewayv2_api","name":"sample","provider_config_key":"aws","expressions":{"name":{"constant_value":"SampleAPI"},"protocol_type":{"constant_value":"HTTP"}},"schema_version":0},{"address":"aws_apigatewayv2_integration.sample_routes","mode":"managed","type":"aws_apigatewayv2_integration","name":"sample_routes","provider_config_key":"aws","expressions":{"api_id":{"references":["aws_apigatewayv2_api.sample.id","aws_apigatewayv2_api.sample"]},"integration_type":{"constant_value":"AWS_PROXY"},"integration_uri":{"constant_value":"test_arn"},"payload_format_version":{"constant_value":"2.0"}},"schema_version":0},{"address":"aws_apigatewayv2_route.sample_route","mode":"managed","type":"aws_apigatewayv2_route","name":"sample_route","provider_config_key":"aws","expressions":{"api_id":{"references":["aws_apigatewayv2_api.sample.id","aws_apigatewayv2_api.sample"]},"route_key":{"constant_value":"GET /sample-path"},"target":{"references":["aws_apigatewayv2_integration.sample_routes.id","aws_apigatewayv2_integration.sample_routes"]}},"schema_version":0},{"address":"aws_apigatewayv2_stage.default","mode":"managed","type":"aws_apigatewayv2_stage","name":"default","provider_config_key":"aws","expressions":{"access_log_settings":[{"destination_arn":{"references":["aws_cloudwatch_log_group.api_gateway_sample.arn","aws_cloudwatch_log_group.api_gateway_sample"]},"format":{}}],"api_id":{"references":["aws_apigatewayv2_api.sample.id","aws_apigatewayv2_api.sample"]},"auto_deploy":{"constant_value":true},"name":{"constant_value":"$default"}},"schema_version":0},{"address":"aws_cloudwatch_log_group.api_gateway_sample","mode":"managed","type":"aws_cloudwatch_log_group","name":"api_gateway_sample","provider_config_key":"aws","expressions":{"name":{"constant_value":"/aws/apigateway/SampleAPI"},"retention_in_days":{"constant_value":7}},"schema_version":0}]}},"relevant_attributes":[{"resource":"aws_apigatewayv2_api.sample","attribute":["id"]},{"resource":"aws_cloudwatch_log_group.api_gateway_sample","attribute":["arn"]},{"resource":"aws_apigatewayv2_integration.sample_routes","attribute":["id"]}],"timestamp":"2023-10-19T20:12:06Z","errored":false}
