{
    "format_version": "1.2",
    "terraform_version": "1.6.1",
    "planned_values": {
        "root_module": {
            "resources": [
                {
                    "address": "aws_s3_bucket.bucket[0]",
                    "mode": "managed",
                    "type": "aws_s3_bucket",
                    "name": "bucket",
                    "index": 0,
                    "provider_name": "registry.terraform.io/hashicorp/aws",
                    "schema_version": 0,
                    "values": {
                        "bucket": "bucket-0",
                        "force_destroy": false,
                        "tags": null,
                        "timeouts": null
                    },
                    "sensitive_values": {
                        "cors_rule": [],
                        "grant": [],
                        "lifecycle_rule": [],
                        "logging": [],
                        "object_lock_configuration": [],
                        "replication_configuration": [],
                        "server_side_encryption_configuration": [],
                        "tags_all": {},
                        "versioning": [],
                        "website": []
                    }
                },
                {
                    "address": "aws_s3_bucket.bucket[1]",
                    "mode": "managed",
                    "type": "aws_s3_bucket",
                    "name": "bucket",
                    "index": 1,
                    "provider_name": "registry.terraform.io/hashicorp/aws",
                    "schema_version": 0,
                    "values": {
                        "bucket": "bucket-1",
                        "force_destroy": false,
                        "tags": null,
                        "timeouts": null
                    },
                    "sensitive_values": {
                        "cors_rule": [],
                        "grant": [],
                        "lifecycle_rule": [],
                        "logging": [],
                        "object_lock_configuration": [],
                        "replication_configuration": [],
                        "server_side_encryption_configuration": [],
                        "tags_all": {},
                        "versioning": [],
                        "website": []
                    }
                },
                {
                    "address": "aws_s3_bucket.bucket[2]",
                    "mode": "managed",
                    "type": "aws_s3_bucket",
                    "name": "bucket",
                    "index": 2,
                    "provider_name": "registry.terraform.io/hashicorp/aws",
                    "schema_version": 0,
                    "values": {
                        "bucket": "bucket-2",
                        "force_destroy": false,
                        "tags": null,
                        "timeouts": null
                    },
                    "sensitive_values": {
                        "cors_rule": [],
                        "grant": [],
                        "lifecycle_rule": [],
                        "logging": [],
                        "object_lock_configuration": [],
                        "replication_configuration": [],
                        "server_side_encryption_configuration": [],
                        "tags_all": {},
                        "versioning": [],
                        "website": []
                    }
                }
            ]
        }
    },
    "resource_changes": [
        {
            "address": "aws_s3_bucket.bucket[0]",
            "mode": "managed",
            "type": "aws_s3_bucket",
            "name": "bucket",
            "index": 0,
            "provider_name": "registry.terraform.io/hashicorp/aws",
            "change": {
                "actions": [
                    "create"
                ],
                "before": null,
                "after": {
                    "bucket": "bucket-0",
                    "force_destroy": false,
                    "tags": null,
                    "timeouts": null
                },
                "after_unknown": {
                    "acceleration_status": true,
                    "acl": true,
                    "arn": true,
                    "bucket_domain_name": true,
                    "bucket_prefix": true,
                    "bucket_regional_domain_name": true,
                    "cors_rule": true,
                    "grant": true,
                    "hosted_zone_id": true,
                    "id": true,
                    "lifecycle_rule": true,
                    "logging": true,
                    "object_lock_configuration": true,
                    "object_lock_enabled": true,
                    "policy": true,
                    "region": true,
                    "replication_configuration": true,
                    "request_payer": true,
                    "server_side_encryption_configuration": true,
                    "tags_all": true,
                    "versioning": true,
                    "website": true,
                    "website_domain": true,
                    "website_endpoint": true
                },
                "before_sensitive": false,
                "after_sensitive": {
                    "cors_rule": [],
                    "grant": [],
                    "lifecycle_rule": [],
                    "logging": [],
                    "object_lock_configuration": [],
                    "replication_configuration": [],
                    "server_side_encryption_configuration": [],
                    "tags_all": {},
                    "versioning": [],
                    "website": []
                }
            }
        },
        {
            "address": "aws_s3_bucket.bucket[1]",
            "mode": "managed",
            "type": "aws_s3_bucket",
            "name": "bucket",
            "index": 1,
            "provider_name": "registry.terraform.io/hashicorp/aws",
            "change": {
                "actions": [
                    "create"
                ],
                "before": null,
                "after": {
                    "bucket": "bucket-1",
                    "force_destroy": false,
                    "tags": null,
                    "timeouts": null
                },
                "after_unknown": {
                    "acceleration_status": true,
                    "acl": true,
                    "arn": true,
                    "bucket_domain_name": true,
                    "bucket_prefix": true,
                    "bucket_regional_domain_name": true,
                    "cors_rule": true,
                    "grant": true,
                    "hosted_zone_id": true,
                    "id": true,
                    "lifecycle_rule": true,
                    "logging": true,
                    "object_lock_configuration": true,
                    "object_lock_enabled": true,
                    "policy": true,
                    "region": true,
                    "replication_configuration": true,
                    "request_payer": true,
                    "server_side_encryption_configuration": true,
                    "tags_all": true,
                    "versioning": true,
                    "website": true,
                    "website_domain": true,
                    "website_endpoint": true
                },
                "before_sensitive": false,
                "after_sensitive": {
                    "cors_rule": [],
                    "grant": [],
                    "lifecycle_rule": [],
                    "logging": [],
                    "object_lock_configuration": [],
                    "replication_configuration": [],
                    "server_side_encryption_configuration": [],
                    "tags_all": {},
                    "versioning": [],
                    "website": []
                }
            }
        },
        {
            "address": "aws_s3_bucket.bucket[2]",
            "mode": "managed",
            "type": "aws_s3_bucket",
            "name": "bucket",
            "index": 2,
            "provider_name": "registry.terraform.io/hashicorp/aws",
            "change": {
                "actions": [
                    "create"
                ],
                "before": null,
                "after": {
                    "bucket": "bucket-2",
                    "force_destroy": false,
                    "tags": null,
                    "timeouts": null
                },
                "after_unknown": {
                    "acceleration_status": true,
                    "acl": true,
                    "arn": true,
                    "bucket_domain_name": true,
                    "bucket_prefix": true,
                    "bucket_regional_domain_name": true,
                    "cors_rule": true,
                    "grant": true,
                    "hosted_zone_id": true,
                    "id": true,
                    "lifecycle_rule": true,
                    "logging": true,
                    "object_lock_configuration": true,
                    "object_lock_enabled": true,
                    "policy": true,
                    "region": true,
                    "replication_configuration": true,
                    "request_payer": true,
                    "server_side_encryption_configuration": true,
                    "tags_all": true,
                    "versioning": true,
                    "website": true,
                    "website_domain": true,
                    "website_endpoint": true
                },
                "before_sensitive": false,
                "after_sensitive": {
                    "cors_rule": [],
                    "grant": [],
                    "lifecycle_rule": [],
                    "logging": [],
                    "object_lock_configuration": [],
                    "replication_configuration": [],
                    "server_side_encryption_configuration": [],
                    "tags_all": {},
                    "versioning": [],
                    "website": []
                }
            }
        }
    ],
    "configuration": {
        "provider_config": {
            "aws": {
                "name": "aws",
                "full_name": "registry.terraform.io/hashicorp/aws",
                "expressions": {
                    "region": {
                        "constant_value": "ap-southeast-1"
                    }
                }
            }
        },
        "root_module": {
            "resources": [
                {
                    "address": "aws_s3_bucket.bucket",
                    "mode": "managed",
                    "type": "aws_s3_bucket",
                    "name": "bucket",
                    "provider_config_key": "aws",
                    "expressions": {
                        "bucket": {
                            "references": [
                                "count.index"
                            ]
                        }
                    },
                    "schema_version": 0,
                    "count_expression": {
                        "constant_value": 3
                    }
                }
            ]
        }
    },
    "timestamp": "2023-10-13T21:06:21Z",
    "errored": false
}